// !$*UTF8*$!
{
	archiveVersion = 1;
	classes = {
	};
	objectVersion = 50;
	objects = {

/* Begin PBXBuildFile section */
		1BAFB3742543BE24001D38D5 /* AppDelegate.swift in Sources */ = {isa = PBXBuildFile; fileRef = 1BAFB3732543BE24001D38D5 /* AppDelegate.swift */; };
		1BAFB3762543BE24001D38D5 /* SceneDelegate.swift in Sources */ = {isa = PBXBuildFile; fileRef = 1BAFB3752543BE24001D38D5 /* SceneDelegate.swift */; };
		1BAFB3782543BE24001D38D5 /* ViewController.swift in Sources */ = {isa = PBXBuildFile; fileRef = 1BAFB3772543BE24001D38D5 /* ViewController.swift */; };
		1BAFB37B2543BE24001D38D5 /* Main.storyboard in Resources */ = {isa = PBXBuildFile; fileRef = 1BAFB3792543BE24001D38D5 /* Main.storyboard */; };
		1BAFB37D2543BE26001D38D5 /* Assets.xcassets in Resources */ = {isa = PBXBuildFile; fileRef = 1BAFB37C2543BE26001D38D5 /* Assets.xcassets */; };
		1BAFB3802543BE26001D38D5 /* LaunchScreen.storyboard in Resources */ = {isa = PBXBuildFile; fileRef = 1BAFB37E2543BE26001D38D5 /* LaunchScreen.storyboard */; };
		1BAFB38B2543BE26001D38D5 /* ParstagramTests.swift in Sources */ = {isa = PBXBuildFile; fileRef = 1BAFB38A2543BE26001D38D5 /* ParstagramTests.swift */; };
		1BAFB3962543BE26001D38D5 /* ParstagramUITests.swift in Sources */ = {isa = PBXBuildFile; fileRef = 1BAFB3952543BE26001D38D5 /* ParstagramUITests.swift */; };
/* End PBXBuildFile section */

/* Begin PBXContainerItemProxy section */
		1BAFB3872543BE26001D38D5 /* PBXContainerItemProxy */ = {
			isa = PBXContainerItemProxy;
			containerPortal = 1BAFB3682543BE24001D38D5 /* Project object */;
			proxyType = 1;
			remoteGlobalIDString = 1BAFB36F2543BE24001D38D5;
			remoteInfo = Parstagram;
		};
		1BAFB3922543BE26001D38D5 /* PBXContainerItemProxy */ = {
			isa = PBXContainerItemProxy;
			containerPortal = 1BAFB3682543BE24001D38D5 /* Project object */;
			proxyType = 1;
			remoteGlobalIDString = 1BAFB36F2543BE24001D38D5;
			remoteInfo = Parstagram;
		};
/* End PBXContainerItemProxy section */

/* Begin PBXFileReference section */
		1BAFB3702543BE24001D38D5 /* Parstagram.app */ = {isa = PBXFileReference; explicitFileType = wrapper.application; includeInIndex = 0; path = Parstagram.app; sourceTree = BUILT_PRODUCTS_DIR; };
		1BAFB3732543BE24001D38D5 /* AppDelegate.swift */ = {isa = PBXFileReference; lastKnownFileType = sourcecode.swift; path = AppDelegate.swift; sourceTree = "<group>"; };
		1BAFB3752543BE24001D38D5 /* SceneDelegate.swift */ = {isa = PBXFileReference; lastKnownFileType = sourcecode.swift; path = SceneDelegate.swift; sourceTree = "<group>"; };
		1BAFB3772543BE24001D38D5 /* ViewController.swift */ = {isa = PBXFileReference; lastKnownFileType = sourcecode.swift; path = ViewController.swift; sourceTree = "<group>"; };
		1BAFB37A2543BE24001D38D5 /* Base */ = {isa = PBXFileReference; lastKnownFileType = file.storyboard; name = Base; path = Base.lproj/Main.storyboard; sourceTree = "<group>"; };
		1BAFB37C2543BE26001D38D5 /* Assets.xcassets */ = {isa = PBXFileReference; lastKnownFileType = folder.assetcatalog; path = Assets.xcassets; sourceTree = "<group>"; };
		1BAFB37F2543BE26001D38D5 /* Base */ = {isa = PBXFileReference; lastKnownFileType = file.storyboard; name = Base; path = Base.lproj/LaunchScreen.storyboard; sourceTree = "<group>"; };
		1BAFB3812543BE26001D38D5 /* Info.plist */ = {isa = PBXFileReference; lastKnownFileType = text.plist.xml; path = Info.plist; sourceTree = "<group>"; };
		1BAFB3862543BE26001D38D5 /* ParstagramTests.xctest */ = {isa = PBXFileReference; explicitFileType = wrapper.cfbundle; includeInIndex = 0; path = ParstagramTests.xctest; sourceTree = BUILT_PRODUCTS_DIR; };
		1BAFB38A2543BE26001D38D5 /* ParstagramTests.swift */ = {isa = PBXFileReference; lastKnownFileType = sourcecode.swift; path = ParstagramTests.swift; sourceTree = "<group>"; };
		1BAFB38C2543BE26001D38D5 /* Info.plist */ = {isa = PBXFileReference; lastKnownFileType = text.plist.xml; path = Info.plist; sourceTree = "<group>"; };
		1BAFB3912543BE26001D38D5 /* ParstagramUITests.xctest */ = {isa = PBXFileReference; explicitFileType = wrapper.cfbundle; includeInIndex = 0; path = ParstagramUITests.xctest; sourceTree = BUILT_PRODUCTS_DIR; };
		1BAFB3952543BE26001D38D5 /* ParstagramUITests.swift */ = {isa = PBXFileReference; lastKnownFileType = sourcecode.swift; path = ParstagramUITests.swift; sourceTree = "<group>"; };
		1BAFB3972543BE26001D38D5 /* Info.plist */ = {isa = PBXFileReference; lastKnownFileType = text.plist.xml; path = Info.plist; sourceTree = "<group>"; };
/* End PBXFileReference section */

/* Begin PBXFrameworksBuildPhase section */
		1BAFB36D2543BE24001D38D5 /* Frameworks */ = {
			isa = PBXFrameworksBuildPhase;
			buildActionMask = 2147483647;
			files = (
			);
			runOnlyForDeploymentPostprocessing = 0;
		};
		1BAFB3832543BE26001D38D5 /* Frameworks */ = {
			isa = PBXFrameworksBuildPhase;
			buildActionMask = 2147483647;
			files = (
			);
			runOnlyForDeploymentPostprocessing = 0;
		};
		1BAFB38E2543BE26001D38D5 /* Frameworks */ = {
			isa = PBXFrameworksBuildPhase;
			buildActionMask = 2147483647;
			files = (
			);
			runOnlyForDeploymentPostprocessing = 0;
		};
/* End PBXFrameworksBuildPhase section */

/* Begin PBXGroup section */
		1BAFB3672543BE24001D38D5 = {
			isa = PBXGroup;
			children = (
				1BAFB3722543BE24001D38D5 /* Parstagram */,
				1BAFB3892543BE26001D38D5 /* ParstagramTests */,
				1BAFB3942543BE26001D38D5 /* ParstagramUITests */,
				1BAFB3712543BE24001D38D5 /* Products */,
			);
			sourceTree = "<group>";
		};
		1BAFB3712543BE24001D38D5 /* Products */ = {
			isa = PBXGroup;
			children = (
				1BAFB3702543BE24001D38D5 /* Parstagram.app */,
				1BAFB3862543BE26001D38D5 /* ParstagramTests.xctest */,
				1BAFB3912543BE26001D38D5 /* ParstagramUITests.xctest */,
			);
			name = Products;
			sourceTree = "<group>";
		};
		1BAFB3722543BE24001D38D5 /* Parstagram */ = {
			isa = PBXGroup;
			children = (
				1BAFB3732543BE24001D38D5 /* AppDelegate.swift */,
				1BAFB3752543BE24001D38D5 /* SceneDelegate.swift */,
				1BAFB3772543BE24001D38D5 /* ViewController.swift */,
				1BAFB3792543BE24001D38D5 /* Main.storyboard */,
				1BAFB37C2543BE26001D38D5 /* Assets.xcassets */,
				1BAFB37E2543BE26001D38D5 /* LaunchScreen.storyboard */,
				1BAFB3812543BE26001D38D5 /* Info.plist */,
			);
			path = Parstagram;
			sourceTree = "<group>";
		};
		1BAFB3892543BE26001D38D5 /* ParstagramTests */ = {
			isa = PBXGroup;
			children = (
				1BAFB38A2543BE26001D38D5 /* ParstagramTests.swift */,
				1BAFB38C2543BE26001D38D5 /* Info.plist */,
			);
			path = ParstagramTests;
			sourceTree = "<group>";
		};
		1BAFB3942543BE26001D38D5 /* ParstagramUITests */ = {
			isa = PBXGroup;
			children = (
				1BAFB3952543BE26001D38D5 /* ParstagramUITests.swift */,
				1BAFB3972543BE26001D38D5 /* Info.plist */,
			);
			path = ParstagramUITests;
			sourceTree = "<group>";
		};
/* End PBXGroup section */

/* Begin PBXNativeTarget section */
		1BAFB36F2543BE24001D38D5 /* Parstagram */ = {
			isa = PBXNativeTarget;
			buildConfigurationList = 1BAFB39A2543BE26001D38D5 /* Build configuration list for PBXNativeTarget "Parstagram" */;
			buildPhases = (
				1BAFB36C2543BE24001D38D5 /* Sources */,
				1BAFB36D2543BE24001D38D5 /* Frameworks */,
				1BAFB36E2543BE24001D38D5 /* Resources */,
			);
			buildRules = (
			);
			dependencies = (
			);
			name = Parstagram;
			productName = Parstagram;
			productReference = 1BAFB3702543BE24001D38D5 /* Parstagram.app */;
			productType = "com.apple.product-type.application";
		};
		1BAFB3852543BE26001D38D5 /* ParstagramTests */ = {
			isa = PBXNativeTarget;
			buildConfigurationList = 1BAFB39D2543BE26001D38D5 /* Build configuration list for PBXNativeTarget "ParstagramTests" */;
			buildPhases = (
				1BAFB3822543BE26001D38D5 /* Sources */,
				1BAFB3832543BE26001D38D5 /* Frameworks */,
				1BAFB3842543BE26001D38D5 /* Resources */,
			);
			buildRules = (
			);
			dependencies = (
				1BAFB3882543BE26001D38D5 /* PBXTargetDependency */,
			);
			name = ParstagramTests;
			productName = ParstagramTests;
			productReference = 1BAFB3862543BE26001D38D5 /* ParstagramTests.xctest */;
			productType = "com.apple.product-type.bundle.unit-test";
		};
		1BAFB3902543BE26001D38D5 /* ParstagramUITests */ = {
			isa = PBXNativeTarget;
			buildConfigurationList = 1BAFB3A02543BE26001D38D5 /* Build configuration list for PBXNativeTarget "ParstagramUITests" */;
			buildPhases = (
				1BAFB38D2543BE26001D38D5 /* Sources */,
				1BAFB38E2543BE26001D38D5 /* Frameworks */,
				1BAFB38F2543BE26001D38D5 /* Resources */,
			);
			buildRules = (
			);
			dependencies = (
				1BAFB3932543BE26001D38D5 /* PBXTargetDependency */,
			);
			name = ParstagramUITests;
			productName = ParstagramUITests;
			productReference = 1BAFB3912543BE26001D38D5 /* ParstagramUITests.xctest */;
			productType = "com.apple.product-type.bundle.ui-testing";
		};
/* End PBXNativeTarget section */

/* Begin PBXProject section */
		1BAFB3682543BE24001D38D5 /* Project object */ = {
			isa = PBXProject;
			attributes = {
				LastSwiftUpdateCheck = 1200;
				LastUpgradeCheck = 1200;
				TargetAttributes = {
					1BAFB36F2543BE24001D38D5 = {
						CreatedOnToolsVersion = 12.0.1;
					};
					1BAFB3852543BE26001D38D5 = {
						CreatedOnToolsVersion = 12.0.1;
						TestTargetID = 1BAFB36F2543BE24001D38D5;
					};
					1BAFB3902543BE26001D38D5 = {
						CreatedOnToolsVersion = 12.0.1;
						TestTargetID = 1BAFB36F2543BE24001D38D5;
					};
				};
			};
			buildConfigurationList = 1BAFB36B2543BE24001D38D5 /* Build configuration list for PBXProject "Parstagram" */;
			compatibilityVersion = "Xcode 9.3";
			developmentRegion = en;
			hasScannedForEncodings = 0;
			knownRegions = (
				en,
				Base,
			);
			mainGroup = 1BAFB3672543BE24001D38D5;
			productRefGroup = 1BAFB3712543BE24001D38D5 /* Products */;
			projectDirPath = "";
			projectRoot = "";
			targets = (
				1BAFB36F2543BE24001D38D5 /* Parstagram */,
				1BAFB3852543BE26001D38D5 /* ParstagramTests */,
				1BAFB3902543BE26001D38D5 /* ParstagramUITests */,
			);
		};
/* End PBXProject section */

/* Begin PBXResourcesBuildPhase section */
		1BAFB36E2543BE24001D38D5 /* Resources */ = {
			isa = PBXResourcesBuildPhase;
			buildActionMask = 2147483647;
			files = (
				1BAFB3802543BE26001D38D5 /* LaunchScreen.storyboard in Resources */,
				1BAFB37D2543BE26001D38D5 /* Assets.xcassets in Resources */,
				1BAFB37B2543BE24001D38D5 /* Main.storyboard in Resources */,
			);
			runOnlyForDeploymentPostprocessing = 0;
		};
		1BAFB3842543BE26001D38D5 /* Resources */ = {
			isa = PBXResourcesBuildPhase;
			buildActionMask = 2147483647;
			files = (
			);
			runOnlyForDeploymentPostprocessing = 0;
		};
		1BAFB38F2543BE26001D38D5 /* Resources */ = {
			isa = PBXResourcesBuildPhase;
			buildActionMask = 2147483647;
			files = (
			);
			runOnlyForDeploymentPostprocessing = 0;
		};
/* End PBXResourcesBuildPhase section */

/* Begin PBXSourcesBuildPhase section */
		1BAFB36C2543BE24001D38D5 /* Sources */ = {
			isa = PBXSourcesBuildPhase;
			buildActionMask = 2147483647;
			files = (
				1BAFB3782543BE24001D38D5 /* ViewController.swift in Sources */,
				1BAFB3742543BE24001D38D5 /* AppDelegate.swift in Sources */,
				1BAFB3762543BE24001D38D5 /* SceneDelegate.swift in Sources */,
			);
			runOnlyForDeploymentPostprocessing = 0;
		};
		1BAFB3822543BE26001D38D5 /* Sources */ = {
			isa = PBXSourcesBuildPhase;
			buildActionMask = 2147483647;
			files = (
				1BAFB38B2543BE26001D38D5 /* ParstagramTests.swift in Sources */,
			);
			runOnlyForDeploymentPostprocessing = 0;
		};
		1BAFB38D2543BE26001D38D5 /* Sources */ = {
			isa = PBXSourcesBuildPhase;
			buildActionMask = 2147483647;
			files = (
				1BAFB3962543BE26001D38D5 /* ParstagramUITests.swift in Sources */,
			);
			runOnlyForDeploymentPostprocessing = 0;
		};
/* End PBXSourcesBuildPhase section */

/* Begin PBXTargetDependency section */
		1BAFB3882543BE26001D38D5 /* PBXTargetDependency */ = {
			isa = PBXTargetDependency;
			target = 1BAFB36F2543BE24001D38D5 /* Parstagram */;
			targetProxy = 1BAFB3872543BE26001D38D5 /* PBXContainerItemProxy */;
		};
		1BAFB3932543BE26001D38D5 /* PBXTargetDependency */ = {
			isa = PBXTargetDependency;
			target = 1BAFB36F2543BE24001D38D5 /* Parstagram */;
			targetProxy = 1BAFB3922543BE26001D38D5 /* PBXContainerItemProxy */;
		};
/* End PBXTargetDependency section */

/* Begin PBXVariantGroup section */
		1BAFB3792543BE24001D38D5 /* Main.storyboard */ = {
			isa = PBXVariantGroup;
			children = (
				1BAFB37A2543BE24001D38D5 /* Base */,
			);
			name = Main.storyboard;
			sourceTree = "<group>";
		};
		1BAFB37E2543BE26001D38D5 /* LaunchScreen.storyboard */ = {
			isa = PBXVariantGroup;
			children = (
				1BAFB37F2543BE26001D38D5 /* Base */,
			);
			name = LaunchScreen.storyboard;
			sourceTree = "<group>";
		};
/* End PBXVariantGroup section */

/* Begin XCBuildConfiguration section */
		1BAFB3982543BE26001D38D5 /* Debug */ = {
			isa = XCBuildConfiguration;
			buildSettings = {
				ALWAYS_SEARCH_USER_PATHS = NO;
				CLANG_ANALYZER_NONNULL = YES;
				CLANG_ANALYZER_NUMBER_OBJECT_CONVERSION = YES_AGGRESSIVE;
				CLANG_CXX_LANGUAGE_STANDARD = "gnu++14";
				CLANG_CXX_LIBRARY = "libc++";
				CLANG_ENABLE_MODULES = YES;
				CLANG_ENABLE_OBJC_ARC = YES;
				CLANG_ENABLE_OBJC_WEAK = YES;
				CLANG_WARN_BLOCK_CAPTURE_AUTORELEASING = YES;
				CLANG_WARN_BOOL_CONVERSION = YES;
				CLANG_WARN_COMMA = YES;
				CLANG_WARN_CONSTANT_CONVERSION = YES;
				CLANG_WARN_DEPRECATED_OBJC_IMPLEMENTATIONS = YES;
				CLANG_WARN_DIRECT_OBJC_ISA_USAGE = YES_ERROR;
				CLANG_WARN_DOCUMENTATION_COMMENTS = YES;
				CLANG_WARN_EMPTY_BODY = YES;
				CLANG_WARN_ENUM_CONVERSION = YES;
				CLANG_WARN_INFINITE_RECURSION = YES;
				CLANG_WARN_INT_CONVERSION = YES;
				CLANG_WARN_NON_LITERAL_NULL_CONVERSION = YES;
				CLANG_WARN_OBJC_IMPLICIT_RETAIN_SELF = YES;
				CLANG_WARN_OBJC_LITERAL_CONVERSION = YES;
				CLANG_WARN_OBJC_ROOT_CLASS = YES_ERROR;
				CLANG_WARN_QUOTED_INCLUDE_IN_FRAMEWORK_HEADER = YES;
				CLANG_WARN_RANGE_LOOP_ANALYSIS = YES;
				CLANG_WARN_STRICT_PROTOTYPES = YES;
				CLANG_WARN_SUSPICIOUS_MOVE = YES;
				CLANG_WARN_UNGUARDED_AVAILABILITY = YES_AGGRESSIVE;
				CLANG_WARN_UNREACHABLE_CODE = YES;
				CLANG_WARN__DUPLICATE_METHOD_MATCH = YES;
				COPY_PHASE_STRIP = NO;
				DEBUG_INFORMATION_FORMAT = dwarf;
				ENABLE_STRICT_OBJC_MSGSEND = YES;
				ENABLE_TESTABILITY = YES;
				GCC_C_LANGUAGE_STANDARD = gnu11;
				GCC_DYNAMIC_NO_PIC = NO;
				GCC_NO_COMMON_BLOCKS = YES;
				GCC_OPTIMIZATION_LEVEL = 0;
				GCC_PREPROCESSOR_DEFINITIONS = (
					"DEBUG=1",
					"$(inherited)",
				);
				GCC_WARN_64_TO_32_BIT_CONVERSION = YES;
				GCC_WARN_ABOUT_RETURN_TYPE = YES_ERROR;
				GCC_WARN_UNDECLARED_SELECTOR = YES;
				GCC_WARN_UNINITIALIZED_AUTOS = YES_AGGRESSIVE;
				GCC_WARN_UNUSED_FUNCTION = YES;
				GCC_WARN_UNUSED_VARIABLE = YES;
				IPHONEOS_DEPLOYMENT_TARGET = 14.0;
				MTL_ENABLE_DEBUG_INFO = INCLUDE_SOURCE;
				MTL_FAST_MATH = YES;
				ONLY_ACTIVE_ARCH = YES;
				SDKROOT = iphoneos;
				SWIFT_ACTIVE_COMPILATION_CONDITIONS = DEBUG;
				SWIFT_OPTIMIZATION_LEVEL = "-Onone";
			};
			name = Debug;
		};
		1BAFB3992543BE26001D38D5 /* Release */ = {
			isa = XCBuildConfiguration;
			buildSettings = {
				ALWAYS_SEARCH_USER_PATHS = NO;
				CLANG_ANALYZER_NONNULL = YES;
				CLANG_ANALYZER_NUMBER_OBJECT_CONVERSION = YES_AGGRESSIVE;
				CLANG_CXX_LANGUAGE_STANDARD = "gnu++14";
				CLANG_CXX_LIBRARY = "libc++";
				CLANG_ENABLE_MODULES = YES;
				CLANG_ENABLE_OBJC_ARC = YES;
				CLANG_ENABLE_OBJC_WEAK = YES;
				CLANG_WARN_BLOCK_CAPTURE_AUTORELEASING = YES;
				CLANG_WARN_BOOL_CONVERSION = YES;
				CLANG_WARN_COMMA = YES;
				CLANG_WARN_CONSTANT_CONVERSION = YES;
				CLANG_WARN_DEPRECATED_OBJC_IMPLEMENTATIONS = YES;
				CLANG_WARN_DIRECT_OBJC_ISA_USAGE = YES_ERROR;
				CLANG_WARN_DOCUMENTATION_COMMENTS = YES;
				CLANG_WARN_EMPTY_BODY = YES;
				CLANG_WARN_ENUM_CONVERSION = YES;
				CLANG_WARN_INFINITE_RECURSION = YES;
				CLANG_WARN_INT_CONVERSION = YES;
				CLANG_WARN_NON_LITERAL_NULL_CONVERSION = YES;
				CLANG_WARN_OBJC_IMPLICIT_RETAIN_SELF = YES;
				CLANG_WARN_OBJC_LITERAL_CONVERSION = YES;
				CLANG_WARN_OBJC_ROOT_CLASS = YES_ERROR;
				CLANG_WARN_QUOTED_INCLUDE_IN_FRAMEWORK_HEADER = YES;
				CLANG_WARN_RANGE_LOOP_ANALYSIS = YES;
				CLANG_WARN_STRICT_PROTOTYPES = YES;
				CLANG_WARN_SUSPICIOUS_MOVE = YES;
				CLANG_WARN_UNGUARDED_AVAILABILITY = YES_AGGRESSIVE;
				CLANG_WARN_UNREACHABLE_CODE = YES;
				CLANG_WARN__DUPLICATE_METHOD_MATCH = YES;
				COPY_PHASE_STRIP = NO;
				DEBUG_INFORMATION_FORMAT = "dwarf-with-dsym";
				ENABLE_NS_ASSERTIONS = NO;
				ENABLE_STRICT_OBJC_MSGSEND = YES;
				GCC_C_LANGUAGE_STANDARD = gnu11;
				GCC_NO_COMMON_BLOCKS = YES;
				GCC_WARN_64_TO_32_BIT_CONVERSION = YES;
				GCC_WARN_ABOUT_RETURN_TYPE = YES_ERROR;
				GCC_WARN_UNDECLARED_SELECTOR = YES;
				GCC_WARN_UNINITIALIZED_AUTOS = YES_AGGRESSIVE;
				GCC_WARN_UNUSED_FUNCTION = YES;
				GCC_WARN_UNUSED_VARIABLE = YES;
				IPHONEOS_DEPLOYMENT_TARGET = 14.0;
				MTL_ENABLE_DEBUG_INFO = NO;
				MTL_FAST_MATH = YES;
				SDKROOT = iphoneos;
				SWIFT_COMPILATION_MODE = wholemodule;
				SWIFT_OPTIMIZATION_LEVEL = "-O";
				VALIDATE_PRODUCT = YES;
			};
			name = Release;
		};
		1BAFB39B2543BE26001D38D5 /* Debug */ = {
			isa = XCBuildConfiguration;
			buildSettings = {
				ASSETCATALOG_COMPILER_APPICON_NAME = AppIcon;
				ASSETCATALOG_COMPILER_GLOBAL_ACCENT_COLOR_NAME = AccentColor;
				CODE_SIGN_STYLE = Automatic;
				INFOPLIST_FILE = Parstagram/Info.plist;
				LD_RUNPATH_SEARCH_PATHS = (
					"$(inherited)",
					"@executable_path/Frameworks",
				);
				PRODUCT_BUNDLE_IDENTIFIER = heejae941213.Parstagram;
				PRODUCT_NAME = "$(TARGET_NAME)";
				SWIFT_VERSION = 5.0;
				TARGETED_DEVICE_FAMILY = "1,2";
			};
			name = Debug;
		};
		1BAFB39C2543BE26001D38D5 /* Release */ = {
			isa = XCBuildConfiguration;
			buildSettings = {
				ASSETCATALOG_COMPILER_APPICON_NAME = AppIcon;
				ASSETCATALOG_COMPILER_GLOBAL_ACCENT_COLOR_NAME = AccentColor;
				CODE_SIGN_STYLE = Automatic;
				INFOPLIST_FILE = Parstagram/Info.plist;
				LD_RUNPATH_SEARCH_PATHS = (
					"$(inherited)",
					"@executable_path/Frameworks",
				);
				PRODUCT_BUNDLE_IDENTIFIER = heejae941213.Parstagram;
				PRODUCT_NAME = "$(TARGET_NAME)";
				SWIFT_VERSION = 5.0;
				TARGETED_DEVICE_FAMILY = "1,2";
			};
			name = Release;
		};
		1BAFB39E2543BE26001D38D5 /* Debug */ = {
			isa = XCBuildConfiguration;
			buildSettings = {
				ALWAYS_EMBED_SWIFT_STANDARD_LIBRARIES = YES;
				BUNDLE_LOADER = "$(TEST_HOST)";
				CODE_SIGN_STYLE = Automatic;
				INFOPLIST_FILE = ParstagramTests/Info.plist;
				IPHONEOS_DEPLOYMENT_TARGET = 14.0;
				LD_RUNPATH_SEARCH_PATHS = (
					"$(inherited)",
					"@executable_path/Frameworks",
					"@loader_path/Frameworks",
				);
				PRODUCT_BUNDLE_IDENTIFIER = heejae941213.ParstagramTests;
				PRODUCT_NAME = "$(TARGET_NAME)";
				SWIFT_VERSION = 5.0;
				TARGETED_DEVICE_FAMILY = "1,2";
				TEST_HOST = "$(BUILT_PRODUCTS_DIR)/Parstagram.app/Parstagram";
			};
			name = Debug;
		};
		1BAFB39F2543BE26001D38D5 /* Release */ = {
			isa = XCBuildConfiguration;
			buildSettings = {
				ALWAYS_EMBED_SWIFT_STANDARD_LIBRARIES = YES;
				BUNDLE_LOADER = "$(TEST_HOST)";
				CODE_SIGN_STYLE = Automatic;
				INFOPLIST_FILE = ParstagramTests/Info.plist;
				IPHONEOS_DEPLOYMENT_TARGET = 14.0;
				LD_RUNPATH_SEARCH_PATHS = (
					"$(inherited)",
					"@executable_path/Frameworks",
					"@loader_path/Frameworks",
				);
				PRODUCT_BUNDLE_IDENTIFIER = heejae941213.ParstagramTests;
				PRODUCT_NAME = "$(TARGET_NAME)";
				SWIFT_VERSION = 5.0;
				TARGETED_DEVICE_FAMILY = "1,2";
				TEST_HOST = "$(BUILT_PRODUCTS_DIR)/Parstagram.app/Parstagram";
			};
			name = Release;
		};
		1BAFB3A12543BE26001D38D5 /* Debug */ = {
			isa = XCBuildConfiguration;
			buildSettings = {
				ALWAYS_EMBED_SWIFT_STANDARD_LIBRARIES = YES;
				CODE_SIGN_STYLE = Automatic;
				INFOPLIST_FILE = ParstagramUITests/Info.plist;
				LD_RUNPATH_SEARCH_PATHS = (
					"$(inherited)",
					"@executable_path/Frameworks",
					"@loader_path/Frameworks",
				);
				PRODUCT_BUNDLE_IDENTIFIER = heejae941213.ParstagramUITests;
				PRODUCT_NAME = "$(TARGET_NAME)";
				SWIFT_VERSION = 5.0;
				TARGETED_DEVICE_FAMILY = "1,2";
				TEST_TARGET_NAME = Parstagram;
			};
			name = Debug;
		};
		1BAFB3A22543BE26001D38D5 /* Release */ = {
			isa = XCBuildConfiguration;
			buildSettings = {
				ALWAYS_EMBED_SWIFT_STANDARD_LIBRARIES = YES;
				CODE_SIGN_STYLE = Automatic;
				INFOPLIST_FILE = ParstagramUITests/Info.plist;
				LD_RUNPATH_SEARCH_PATHS = (
					"$(inherited)",
					"@executable_path/Frameworks",
					"@loader_path/Frameworks",
				);
				PRODUCT_BUNDLE_IDENTIFIER = heejae941213.ParstagramUITests;
				PRODUCT_NAME = "$(TARGET_NAME)";
				SWIFT_VERSION = 5.0;
				TARGETED_DEVICE_FAMILY = "1,2";
				TEST_TARGET_NAME = Parstagram;
			};
			name = Release;
		};
/* End XCBuildConfiguration section */

/* Begin XCConfigurationList section */
		1BAFB36B2543BE24001D38D5 /* Build configuration list for PBXProject "Parstagram" */ = {
			isa = XCConfigurationList;
			buildConfigurations = (
				1BAFB3982543BE26001D38D5 /* Debug */,
				1BAFB3992543BE26001D38D5 /* Release */,
			);
			defaultConfigurationIsVisible = 0;
			defaultConfigurationName = Release;
		};
		1BAFB39A2543BE26001D38D5 /* Build configuration list for PBXNativeTarget "Parstagram" */ = {
			isa = XCConfigurationList;
			buildConfigurations = (
				1BAFB39B2543BE26001D38D5 /* Debug */,
				1BAFB39C2543BE26001D38D5 /* Release */,
			);
			defaultConfigurationIsVisible = 0;
			defaultConfigurationName = Release;
		};
		1BAFB39D2543BE26001D38D5 /* Build configuration list for PBXNativeTarget "ParstagramTests" */ = {
			isa = XCConfigurationList;
			buildConfigurations = (
				1BAFB39E2543BE26001D38D5 /* Debug */,
				1BAFB39F2543BE26001D38D5 /* Release */,
			);
			defaultConfigurationIsVisible = 0;
			defaultConfigurationName = Release;
		};
		1BAFB3A02543BE26001D38D5 /* Build configuration list for PBXNativeTarget "ParstagramUITests" */ = {
			isa = XCConfigurationList;
			buildConfigurations = (
				1BAFB3A12543BE26001D38D5 /* Debug */,
				1BAFB3A22543BE26001D38D5 /* Release */,
			);
			defaultConfigurationIsVisible = 0;
			defaultConfigurationName = Release;
		};
/* End XCConfigurationList section */
	};
	rootObject = 1BAFB3682543BE24001D38D5 /* Project object */;
}
